
Microsoft Visual Studio Solution File, Format Version 12.00
# Visual Studio Version 16
VisualStudioVersion = 16.0.30711.63
MinimumVisualStudioVersion = 10.0.40219.1
Project("{FAE04EC0-301F-11D3-BF4B-00C04F79EFBC}") = "iRentMe.Android", "iRentMe\iRentMe.Android\iRentMe.Android.csproj", "{01B0C978-7B34-4835-8C61-C263E6AF41DE}"
EndProject
Project("{FAE04EC0-301F-11D3-BF4B-00C04F79EFBC}") = "iRentMe.iOS", "iRentMe\iRentMe.iOS\iRentMe.iOS.csproj", "{AE792880-91DA-41B9-914B-4F8CAA4ADE30}"
EndProject
Project("{FAE04EC0-301F-11D3-BF4B-00C04F79EFBC}") = "iRentMe", "iRentMe\iRentMe\iRentMe.csproj", "{725656FB-97C5-4C61-91EA-04B6DA8E7C36}"
EndProject
Global
	GlobalSection(SolutionConfigurationPlatforms) = preSolution
		Debug|Any CPU = Debug|Any CPU
		Debug|iPhone = Debug|iPhone
		Debug|iPhoneSimulator = Debug|iPhoneSimulator
		Release|Any CPU = Release|Any CPU
		Release|iPhone = Release|iPhone
		Release|iPhoneSimulator = Release|iPhoneSimulator
	EndGlobalSection
	GlobalSection(ProjectConfigurationPlatforms) = postSolution
		{01B0C978-7B34-4835-8C61-C263E6AF41DE}.Debug|Any CPU.ActiveCfg = Debug|Any CPU
		{01B0C978-7B34-4835-8C61-C263E6AF41DE}.Debug|Any CPU.Build.0 = Debug|Any CPU
		{01B0C978-7B34-4835-8C61-C263E6AF41DE}.Debug|Any CPU.Deploy.0 = Debug|Any CPU
		{01B0C978-7B34-4835-8C61-C263E6AF41DE}.Debug|iPhone.ActiveCfg = Debug|Any CPU
		{01B0C978-7B34-4835-8C61-C263E6AF41DE}.Debug|iPhone.Build.0 = Debug|Any CPU
		{01B0C978-7B34-4835-8C61-C263E6AF41DE}.Debug|iPhone.Deploy.0 = Debug|Any CPU
		{01B0C978-7B34-4835-8C61-C263E6AF41DE}.Debug|iPhoneSimulator.ActiveCfg = Debug|Any CPU
		{01B0C978-7B34-4835-8C61-C263E6AF41DE}.Debug|iPhoneSimulator.Build.0 = Debug|Any CPU
		{01B0C978-7B34-4835-8C61-C263E6AF41DE}.Debug|iPhoneSimulator.Deploy.0 = Debug|Any CPU
		{01B0C978-7B34-4835-8C61-C263E6AF41DE}.Release|Any CPU.ActiveCfg = Release|Any CPU
		{01B0C978-7B34-4835-8C61-C263E6AF41DE}.Release|Any CPU.Build.0 = Release|Any CPU
		{01B0C978-7B34-4835-8C61-C263E6AF41DE}.Release|Any CPU.Deploy.0 = Release|Any CPU
		{01B0C978-7B34-4835-8C61-C263E6AF41DE}.Release|iPhone.ActiveCfg = Release|Any CPU
		{01B0C978-7B34-4835-8C61-C263E6AF41DE}.Release|iPhone.Build.0 = Release|Any CPU
		{01B0C978-7B34-4835-8C61-C263E6AF41DE}.Release|iPhone.Deploy.0 = Release|Any CPU
		{01B0C978-7B34-4835-8C61-C263E6AF41DE}.Release|iPhoneSimulator.ActiveCfg = Release|Any CPU
		{01B0C978-7B34-4835-8C61-C263E6AF41DE}.Release|iPhoneSimulator.Build.0 = Release|Any CPU
		{01B0C978-7B34-4835-8C61-C263E6AF41DE}.Release|iPhoneSimulator.Deploy.0 = Release|Any CPU
		{AE792880-91DA-41B9-914B-4F8CAA4ADE30}.Debug|Any CPU.ActiveCfg = Debug|iPhone
		{AE792880-91DA-41B9-914B-4F8CAA4ADE30}.Debug|Any CPU.Build.0 = Debug|iPhone
		{AE792880-91DA-41B9-914B-4F8CAA4ADE30}.Debug|Any CPU.Deploy.0 = Debug|iPhone
		{AE792880-91DA-41B9-914B-4F8CAA4ADE30}.Debug|iPhone.ActiveCfg = Debug|iPhone
		{AE792880-91DA-41B9-914B-4F8CAA4ADE30}.Debug|iPhone.Build.0 = Debug|iPhone
		{AE792880-91DA-41B9-914B-4F8CAA4ADE30}.Debug|iPhone.Deploy.0 = Debug|iPhone
		{AE792880-91DA-41B9-914B-4F8CAA4ADE30}.Debug|iPhoneSimulator.ActiveCfg = Debug|iPhoneSimulator
		{AE792880-91DA-41B9-914B-4F8CAA4ADE30}.Debug|iPhoneSimulator.Build.0 = Debug|iPhoneSimulator
		{AE792880-91DA-41B9-914B-4F8CAA4ADE30}.Debug|iPhoneSimulator.Deploy.0 = Debug|iPhoneSimulator
		{AE792880-91DA-41B9-914B-4F8CAA4ADE30}.Release|Any CPU.ActiveCfg = Release|iPhoneSimulator
		{AE792880-91DA-41B9-914B-4F8CAA4ADE30}.Release|Any CPU.Build.0 = Release|iPhoneSimulator
		{AE792880-91DA-41B9-914B-4F8CAA4ADE30}.Release|Any CPU.Deploy.0 = Release|iPhoneSimulator
		{AE792880-91DA-41B9-914B-4F8CAA4ADE30}.Release|iPhone.ActiveCfg = Release|iPhone
		{AE792880-91DA-41B9-914B-4F8CAA4ADE30}.Release|iPhone.Build.0 = Release|iPhone
		{AE792880-91DA-41B9-914B-4F8CAA4ADE30}.Release|iPhone.Deploy.0 = Release|iPhone
		{AE792880-91DA-41B9-914B-4F8CAA4ADE30}.Release|iPhoneSimulator.ActiveCfg = Release|iPhoneSimulator
		{AE792880-91DA-41B9-914B-4F8CAA4ADE30}.Release|iPhoneSimulator.Build.0 = Release|iPhoneSimulator
		{AE792880-91DA-41B9-914B-4F8CAA4ADE30}.Release|iPhoneSimulator.Deploy.0 = Release|iPhoneSimulator
		{725656FB-97C5-4C61-91EA-04B6DA8E7C36}.Debug|Any CPU.ActiveCfg = Debug|Any CPU
		{725656FB-97C5-4C61-91EA-04B6DA8E7C36}.Debug|Any CPU.Build.0 = Debug|Any CPU
		{725656FB-97C5-4C61-91EA-04B6DA8E7C36}.Debug|Any CPU.Deploy.0 = Debug|Any CPU
		{725656FB-97C5-4C61-91EA-04B6DA8E7C36}.Debug|iPhone.ActiveCfg = Debug|Any CPU
		{725656FB-97C5-4C61-91EA-04B6DA8E7C36}.Debug|iPhone.Build.0 = Debug|Any CPU
		{725656FB-97C5-4C61-91EA-04B6DA8E7C36}.Debug|iPhone.Deploy.0 = Debug|Any CPU
		{725656FB-97C5-4C61-91EA-04B6DA8E7C36}.Debug|iPhoneSimulator.ActiveCfg = Debug|Any CPU
		{725656FB-97C5-4C61-91EA-04B6DA8E7C36}.Debug|iPhoneSimulator.Build.0 = Debug|Any CPU
		{725656FB-97C5-4C61-91EA-04B6DA8E7C36}.Debug|iPhoneSimulator.Deploy.0 = Debug|Any CPU
		{725656FB-97C5-4C61-91EA-04B6DA8E7C36}.Release|Any CPU.ActiveCfg = Release|Any CPU
		{725656FB-97C5-4C61-91EA-04B6DA8E7C36}.Release|Any CPU.Build.0 = Release|Any CPU
		{725656FB-97C5-4C61-91EA-04B6DA8E7C36}.Release|Any CPU.Deploy.0 = Release|Any CPU
		{725656FB-97C5-4C61-91EA-04B6DA8E7C36}.Release|iPhone.ActiveCfg = Release|Any CPU
		{725656FB-97C5-4C61-91EA-04B6DA8E7C36}.Release|iPhone.Build.0 = Release|Any CPU
		{725656FB-97C5-4C61-91EA-04B6DA8E7C36}.Release|iPhone.Deploy.0 = Release|Any CPU
		{725656FB-97C5-4C61-91EA-04B6DA8E7C36}.Release|iPhoneSimulator.ActiveCfg = Release|Any CPU
		{725656FB-97C5-4C61-91EA-04B6DA8E7C36}.Release|iPhoneSimulator.Build.0 = Release|Any CPU
		{725656FB-97C5-4C61-91EA-04B6DA8E7C36}.Release|iPhoneSimulator.Deploy.0 = Release|Any CPU
	EndGlobalSection
	GlobalSection(SolutionProperties) = preSolution
		HideSolutionNode = FALSE
	EndGlobalSection
	GlobalSection(ExtensibilityGlobals) = postSolution
		SolutionGuid = {7959645F-09DE-42DD-A167-5C4469EB08BA}
	EndGlobalSection
EndGlobal
